// !$*UTF8*$!
{
	archiveVersion = 1;
	classes = {
	};
	objectVersion = 50;
	objects = {

/* Begin PBXBuildFile section */
		DDE43B4820C9B75500DBAC8C /* AppDelegate.swift in Sources */ = {isa = PBXBuildFile; fileRef = DDE43B4720C9B75500DBAC8C /* AppDelegate.swift */; };
		DDE43B4A20C9B75500DBAC8C /* ViewController.swift in Sources */ = {isa = PBXBuildFile; fileRef = DDE43B4920C9B75500DBAC8C /* ViewController.swift */; };
		DDE43B4D20C9B75500DBAC8C /* Main.storyboard in Resources */ = {isa = PBXBuildFile; fileRef = DDE43B4B20C9B75500DBAC8C /* Main.storyboard */; };
		DDE43B4F20C9B75600DBAC8C /* Assets.xcassets in Resources */ = {isa = PBXBuildFile; fileRef = DDE43B4E20C9B75600DBAC8C /* Assets.xcassets */; };
		DDE43B5220C9B75600DBAC8C /* LaunchScreen.storyboard in Resources */ = {isa = PBXBuildFile; fileRef = DDE43B5020C9B75600DBAC8C /* LaunchScreen.storyboard */; };
/* End PBXBuildFile section */

/* Begin PBXFileReference section */
		DDE43B4420C9B75500DBAC8C /* heap-quiz.app */ = {isa = PBXFileReference; explicitFileType = wrapper.application; includeInIndex = 0; path = "heap-quiz.app"; sourceTree = BUILT_PRODUCTS_DIR; };
		DDE43B4720C9B75500DBAC8C /* AppDelegate.swift */ = {isa = PBXFileReference; lastKnownFileType = sourcecode.swift; path = AppDelegate.swift; sourceTree = "<group>"; };
		DDE43B4920C9B75500DBAC8C /* ViewController.swift */ = {isa = PBXFileReference; lastKnownFileType = sourcecode.swift; path = ViewController.swift; sourceTree = "<group>"; };
		DDE43B4C20C9B75500DBAC8C /* Base */ = {isa = PBXFileReference; lastKnownFileType = file.storyboard; name = Base; path = Base.lproj/Main.storyboard; sourceTree = "<group>"; };
		DDE43B4E20C9B75600DBAC8C /* Assets.xcassets */ = {isa = PBXFileReference; lastKnownFileType = folder.assetcatalog; path = Assets.xcassets; sourceTree = "<group>"; };
		DDE43B5120C9B75600DBAC8C /* Base */ = {isa = PBXFileReference; lastKnownFileType = file.storyboard; name = Base; path = Base.lproj/LaunchScreen.storyboard; sourceTree = "<group>"; };
		DDE43B5320C9B75600DBAC8C /* Info.plist */ = {isa = PBXFileReference; lastKnownFileType = text.plist.xml; path = Info.plist; sourceTree = "<group>"; };
/* End PBXFileReference section */

/* Begin PBXFrameworksBuildPhase section */
		DDE43B4120C9B75500DBAC8C /* Frameworks */ = {
			isa = PBXFrameworksBuildPhase;
			buildActionMask = 2147483647;
			files = (
			);
			runOnlyForDeploymentPostprocessing = 0;
		};
/* End PBXFrameworksBuildPhase section */

/* Begin PBXGroup section */
		DDE43B3B20C9B75500DBAC8C = {
			isa = PBXGroup;
			children = (
				DDE43B4620C9B75500DBAC8C /* heap-quiz */,
				DDE43B4520C9B75500DBAC8C /* Products */,
			);
			sourceTree = "<group>";
		};
		DDE43B4520C9B75500DBAC8C /* Products */ = {
			isa = PBXGroup;
			children = (
				DDE43B4420C9B75500DBAC8C /* heap-quiz.app */,
			);
			name = Products;
			sourceTree = "<group>";
		};
		DDE43B4620C9B75500DBAC8C /* heap-quiz */ = {
			isa = PBXGroup;
			children = (
				DDE43B4720C9B75500DBAC8C /* AppDelegate.swift */,
				DDE43B4920C9B75500DBAC8C /* ViewController.swift */,
				DDE43B4B20C9B75500DBAC8C /* Main.storyboard */,
				DDE43B4E20C9B75600DBAC8C /* Assets.xcassets */,
				DDE43B5020C9B75600DBAC8C /* LaunchScreen.storyboard */,
				DDE43B5320C9B75600DBAC8C /* Info.plist */,
			);
			path = "heap-quiz";
			sourceTree = "<group>";
		};
/* End PBXGroup section */

/* Begin PBXNativeTarget section */
		DDE43B4320C9B75500DBAC8C /* heap-quiz */ = {
			isa = PBXNativeTarget;
			buildConfigurationList = DDE43B5620C9B75600DBAC8C /* Build configuration list for PBXNativeTarget "heap-quiz" */;
			buildPhases = (
				DDE43B4020C9B75500DBAC8C /* Sources */,
				DDE43B4120C9B75500DBAC8C /* Frameworks */,
				DDE43B4220C9B75500DBAC8C /* Resources */,
			);
			buildRules = (
			);
			dependencies = (
			);
			name = "heap-quiz";
			productName = "heap-quiz";
			productReference = DDE43B4420C9B75500DBAC8C /* heap-quiz.app */;
			productType = "com.apple.product-type.application";
		};
/* End PBXNativeTarget section */

/* Begin PBXProject section */
		DDE43B3C20C9B75500DBAC8C /* Project object */ = {
			isa = PBXProject;
			attributes = {
				LastSwiftUpdateCheck = 0940;
				LastUpgradeCheck = 0940;
				ORGANIZATIONNAME = "Virak Ngauv";
				TargetAttributes = {
					DDE43B4320C9B75500DBAC8C = {
						CreatedOnToolsVersion = 9.4;
					};
				};
			};
			buildConfigurationList = DDE43B3F20C9B75500DBAC8C /* Build configuration list for PBXProject "heap-quiz" */;
			compatibilityVersion = "Xcode 9.3";
			developmentRegion = en;
			hasScannedForEncodings = 0;
			knownRegions = (
				en,
				Base,
			);
			mainGroup = DDE43B3B20C9B75500DBAC8C;
			productRefGroup = DDE43B4520C9B75500DBAC8C /* Products */;
			projectDirPath = "";
			projectRoot = "";
			targets = (
				DDE43B4320C9B75500DBAC8C /* heap-quiz */,
			);
		};
/* End PBXProject section */

/* Begin PBXResourcesBuildPhase section */
		DDE43B4220C9B75500DBAC8C /* Resources */ = {
			isa = PBXResourcesBuildPhase;
			buildActionMask = 2147483647;
			files = (
				DDE43B5220C9B75600DBAC8C /* LaunchScreen.storyboard in Resources */,
				DDE43B4F20C9B75600DBAC8C /* Assets.xcassets in Resources */,
				DDE43B4D20C9B75500DBAC8C /* Main.storyboard in Resources */,
			);
			runOnlyForDeploymentPostprocessing = 0;
		};
/* End PBXResourcesBuildPhase section */

/* Begin PBXSourcesBuildPhase section */
		DDE43B4020C9B75500DBAC8C /* Sources */ = {
			isa = PBXSourcesBuildPhase;
			buildActionMask = 2147483647;
			files = (
				DDE43B4A20C9B75500DBAC8C /* ViewController.swift in Sources */,
				DDE43B4820C9B75500DBAC8C /* AppDelegate.swift in Sources */,
			);
			runOnlyForDeploymentPostprocessing = 0;
		};
/* End PBXSourcesBuildPhase section */

/* Begin PBXVariantGroup section */
		DDE43B4B20C9B75500DBAC8C /* Main.storyboard */ = {
			isa = PBXVariantGroup;
			children = (
				DDE43B4C20C9B75500DBAC8C /* Base */,
			);
			name = Main.storyboard;
			sourceTree = "<group>";
		};
		DDE43B5020C9B75600DBAC8C /* LaunchScreen.storyboard */ = {
			isa = PBXVariantGroup;
			children = (
				DDE43B5120C9B75600DBAC8C /* Base */,
			);
			name = LaunchScreen.storyboard;
			sourceTree = "<group>";
		};
/* End PBXVariantGroup section */

/* Begin XCBuildConfiguration section */
		DDE43B5420C9B75600DBAC8C /* Debug */ = {
			isa = XCBuildConfiguration;
			buildSettings = {
				ALWAYS_SEARCH_USER_PATHS = NO;
				CLANG_ANALYZER_NONNULL = YES;
				CLANG_ANALYZER_NUMBER_OBJECT_CONVERSION = YES_AGGRESSIVE;
				CLANG_CXX_LANGUAGE_STANDARD = "gnu++14";
				CLANG_CXX_LIBRARY = "libc++";
				CLANG_ENABLE_MODULES = YES;
				CLANG_ENABLE_OBJC_ARC = YES;
				CLANG_ENABLE_OBJC_WEAK = YES;
				CLANG_WARN_BLOCK_CAPTURE_AUTORELEASING = YES;
				CLANG_WARN_BOOL_CONVERSION = YES;
				CLANG_WARN_COMMA = YES;
				CLANG_WARN_CONSTANT_CONVERSION = YES;
				CLANG_WARN_DEPRECATED_OBJC_IMPLEMENTATIONS = YES;
				CLANG_WARN_DIRECT_OBJC_ISA_USAGE = YES_ERROR;
				CLANG_WARN_DOCUMENTATION_COMMENTS = YES;
				CLANG_WARN_EMPTY_BODY = YES;
				CLANG_WARN_ENUM_CONVERSION = YES;
				CLANG_WARN_INFINITE_RECURSION = YES;
				CLANG_WARN_INT_CONVERSION = YES;
				CLANG_WARN_NON_LITERAL_NULL_CONVERSION = YES;
				CLANG_WARN_OBJC_IMPLICIT_RETAIN_SELF = YES;
				CLANG_WARN_OBJC_LITERAL_CONVERSION = YES;
				CLANG_WARN_OBJC_ROOT_CLASS = YES_ERROR;
				CLANG_WARN_RANGE_LOOP_ANALYSIS = YES;
				CLANG_WARN_STRICT_PROTOTYPES = YES;
				CLANG_WARN_SUSPICIOUS_MOVE = YES;
				CLANG_WARN_UNGUARDED_AVAILABILITY = YES_AGGRESSIVE;
				CLANG_WARN_UNREACHABLE_CODE = YES;
				CLANG_WARN__DUPLICATE_METHOD_MATCH = YES;
				CODE_SIGN_IDENTITY = "iPhone Developer";
				COPY_PHASE_STRIP = NO;
				DEBUG_INFORMATION_FORMAT = dwarf;
				ENABLE_STRICT_OBJC_MSGSEND = YES;
				ENABLE_TESTABILITY = YES;
				GCC_C_LANGUAGE_STANDARD = gnu11;
				GCC_DYNAMIC_NO_PIC = NO;
				GCC_NO_COMMON_BLOCKS = YES;
				GCC_OPTIMIZATION_LEVEL = 0;
				GCC_PREPROCESSOR_DEFINITIONS = (
					"DEBUG=1",
					"$(inherited)",
				);
				GCC_WARN_64_TO_32_BIT_CONVERSION = YES;
				GCC_WARN_ABOUT_RETURN_TYPE = YES_ERROR;
				GCC_WARN_UNDECLARED_SELECTOR = YES;
				GCC_WARN_UNINITIALIZED_AUTOS = YES_AGGRESSIVE;
				GCC_WARN_UNUSED_FUNCTION = YES;
				GCC_WARN_UNUSED_VARIABLE = YES;
				IPHONEOS_DEPLOYMENT_TARGET = 11.4;
				MTL_ENABLE_DEBUG_INFO = YES;
				ONLY_ACTIVE_ARCH = YES;
				SDKROOT = iphoneos;
				SWIFT_ACTIVE_COMPILATION_CONDITIONS = DEBUG;
				SWIFT_OPTIMIZATION_LEVEL = "-Onone";
			};
			name = Debug;
		};
		DDE43B5520C9B75600DBAC8C /* Release */ = {
			isa = XCBuildConfiguration;
			buildSettings = {
				ALWAYS_SEARCH_USER_PATHS = NO;
				CLANG_ANALYZER_NONNULL = YES;
				CLANG_ANALYZER_NUMBER_OBJECT_CONVERSION = YES_AGGRESSIVE;
				CLANG_CXX_LANGUAGE_STANDARD = "gnu++14";
				CLANG_CXX_LIBRARY = "libc++";
				CLANG_ENABLE_MODULES = YES;
				CLANG_ENABLE_OBJC_ARC = YES;
				CLANG_ENABLE_OBJC_WEAK = YES;
				CLANG_WARN_BLOCK_CAPTURE_AUTORELEASING = YES;
				CLANG_WARN_BOOL_CONVERSION = YES;
				CLANG_WARN_COMMA = YES;
				CLANG_WARN_CONSTANT_CONVERSION = YES;
				CLANG_WARN_DEPRECATED_OBJC_IMPLEMENTATIONS = YES;
				CLANG_WARN_DIRECT_OBJC_ISA_USAGE = YES_ERROR;
				CLANG_WARN_DOCUMENTATION_COMMENTS = YES;
				CLANG_WARN_EMPTY_BODY = YES;
				CLANG_WARN_ENUM_CONVERSION = YES;
				CLANG_WARN_INFINITE_RECURSION = YES;
				CLANG_WARN_INT_CONVERSION = YES;
				CLANG_WARN_NON_LITERAL_NULL_CONVERSION = YES;
				CLANG_WARN_OBJC_IMPLICIT_RETAIN_SELF = YES;
				CLANG_WARN_OBJC_LITERAL_CONVERSION = YES;
				CLANG_WARN_OBJC_ROOT_CLASS = YES_ERROR;
				CLANG_WARN_RANGE_LOOP_ANALYSIS = YES;
				CLANG_WARN_STRICT_PROTOTYPES = YES;
				CLANG_WARN_SUSPICIOUS_MOVE = YES;
				CLANG_WARN_UNGUARDED_AVAILABILITY = YES_AGGRESSIVE;
				CLANG_WARN_UNREACHABLE_CODE = YES;
				CLANG_WARN__DUPLICATE_METHOD_MATCH = YES;
				CODE_SIGN_IDENTITY = "iPhone Developer";
				COPY_PHASE_STRIP = NO;
				DEBUG_INFORMATION_FORMAT = "dwarf-with-dsym";
				ENABLE_NS_ASSERTIONS = NO;
				ENABLE_STRICT_OBJC_MSGSEND = YES;
				GCC_C_LANGUAGE_STANDARD = gnu11;
				GCC_NO_COMMON_BLOCKS = YES;
				GCC_WARN_64_TO_32_BIT_CONVERSION = YES;
				GCC_WARN_ABOUT_RETURN_TYPE = YES_ERROR;
				GCC_WARN_UNDECLARED_SELECTOR = YES;
				GCC_WARN_UNINITIALIZED_AUTOS = YES_AGGRESSIVE;
				GCC_WARN_UNUSED_FUNCTION = YES;
				GCC_WARN_UNUSED_VARIABLE = YES;
				IPHONEOS_DEPLOYMENT_TARGET = 11.4;
				MTL_ENABLE_DEBUG_INFO = NO;
				SDKROOT = iphoneos;
				SWIFT_COMPILATION_MODE = wholemodule;
				SWIFT_OPTIMIZATION_LEVEL = "-O";
				VALIDATE_PRODUCT = YES;
			};
			name = Release;
		};
		DDE43B5720C9B75600DBAC8C /* Debug */ = {
			isa = XCBuildConfiguration;
			buildSettings = {
				ASSETCATALOG_COMPILER_APPICON_NAME = AppIcon;
				CODE_SIGN_STYLE = Automatic;
				DEVELOPMENT_TEAM = QDTVPYR6PV;
				INFOPLIST_FILE = "heap-quiz/Info.plist";
				LD_RUNPATH_SEARCH_PATHS = (
					"$(inherited)",
					"@executable_path/Frameworks",
				);
				PRODUCT_BUNDLE_IDENTIFIER = "com.virakngauv.heap-quiz";
				PRODUCT_NAME = "$(TARGET_NAME)";
				SWIFT_VERSION = 4.0;
				TARGETED_DEVICE_FAMILY = "1,2";
			};
			name = Debug;
		};
		DDE43B5820C9B75600DBAC8C /* Release */ = {
			isa = XCBuildConfiguration;
			buildSettings = {
				ASSETCATALOG_COMPILER_APPICON_NAME = AppIcon;
				CODE_SIGN_STYLE = Automatic;
				DEVELOPMENT_TEAM = QDTVPYR6PV;
				INFOPLIST_FILE = "heap-quiz/Info.plist";
				LD_RUNPATH_SEARCH_PATHS = (
					"$(inherited)",
					"@executable_path/Frameworks",
				);
				PRODUCT_BUNDLE_IDENTIFIER = "com.virakngauv.heap-quiz";
				PRODUCT_NAME = "$(TARGET_NAME)";
				SWIFT_VERSION = 4.0;
				TARGETED_DEVICE_FAMILY = "1,2";
			};
			name = Release;
		};
/* End XCBuildConfiguration section */

/* Begin XCConfigurationList section */
		DDE43B3F20C9B75500DBAC8C /* Build configuration list for PBXProject "heap-quiz" */ = {
			isa = XCConfigurationList;
			buildConfigurations = (
				DDE43B5420C9B75600DBAC8C /* Debug */,
				DDE43B5520C9B75600DBAC8C /* Release */,
			);
			defaultConfigurationIsVisible = 0;
			defaultConfigurationName = Release;
		};
		DDE43B5620C9B75600DBAC8C /* Build configuration list for PBXNativeTarget "heap-quiz" */ = {
			isa = XCConfigurationList;
			buildConfigurations = (
				DDE43B5720C9B75600DBAC8C /* Debug */,
				DDE43B5820C9B75600DBAC8C /* Release */,
			);
			defaultConfigurationIsVisible = 0;
			defaultConfigurationName = Release;
		};
/* End XCConfigurationList section */
	};
	rootObject = DDE43B3C20C9B75500DBAC8C /* Project object */;
}
